
Microsoft Visual Studio Solution File, Format Version 12.00
# Visual Studio Version 16
VisualStudioVersion = 16.0.31424.327
MinimumVisualStudioVersion = 10.0.40219.1
Project("{FAE04EC0-301F-11D3-BF4B-00C04F79EFBC}") = "Hygrometer.InfluxDB.Collector", "Hygrometer.InfluxDB.Collector.csproj", "{3613AA63-28B2-4EC0-A54E-3B4D69D0ADB8}"
EndProject
Global
	GlobalSection(SolutionConfigurationPlatforms) = preSolution
		Debug|Any CPU = Debug|Any CPU
		Release|Any CPU = Release|Any CPU
	EndGlobalSection
	GlobalSection(ProjectConfigurationPlatforms) = postSolution
		{3613AA63-28B2-4EC0-A54E-3B4D69D0ADB8}.Debug|Any CPU.ActiveCfg = Debug|Any CPU
		{3613AA63-28B2-4EC0-A54E-3B4D69D0ADB8}.Debug|Any CPU.Build.0 = Debug|Any CPU
		{3613AA63-28B2-4EC0-A54E-3B4D69D0ADB8}.Release|Any CPU.ActiveCfg = Release|Any CPU
		{3613AA63-28B2-4EC0-A54E-3B4D69D0ADB8}.Release|Any CPU.Build.0 = Release|Any CPU
	EndGlobalSection
	GlobalSection(SolutionProperties) = preSolution
		HideSolutionNode = FALSE
	EndGlobalSection
	GlobalSection(ExtensibilityGlobals) = postSolution
		SolutionGuid = {C9396740-FE36-46E9-8052-3CCA52F1BCF7}
	EndGlobalSection
EndGlobal
